
Microsoft Visual Studio Solution File, Format Version 12.00
# Visual Studio Version 17
VisualStudioVersion = 17.13.35806.99 d17.13
MinimumVisualStudioVersion = 10.0.40219.1
Project("{FAE04EC0-301F-11D3-BF4B-00C04F79EFBC}") = "ControlBeeTest", "ControlBeeTest\ControlBeeTest.csproj", "{9AF9E13F-F3E9-4A9C-9562-AB4650EDE34A}"
EndProject
Project("{FAE04EC0-301F-11D3-BF4B-00C04F79EFBC}") = "ControlBeeTest.Tests", "ControlBeeTest.Tests\ControlBeeTest.Tests.csproj", "{CB30909A-1172-9139-2A0C-86E58BC8B40F}"
EndProject
Global
	GlobalSection(SolutionConfigurationPlatforms) = preSolution
		Debug|Any CPU = Debug|Any CPU
		Release|Any CPU = Release|Any CPU
	EndGlobalSection
	GlobalSection(ProjectConfigurationPlatforms) = postSolution
		{9AF9E13F-F3E9-4A9C-9562-AB4650EDE34A}.Debug|Any CPU.ActiveCfg = Debug|Any CPU
		{9AF9E13F-F3E9-4A9C-9562-AB4650EDE34A}.Debug|Any CPU.Build.0 = Debug|Any CPU
		{9AF9E13F-F3E9-4A9C-9562-AB4650EDE34A}.Release|Any CPU.ActiveCfg = Release|Any CPU
		{9AF9E13F-F3E9-4A9C-9562-AB4650EDE34A}.Release|Any CPU.Build.0 = Release|Any CPU
		{CB30909A-1172-9139-2A0C-86E58BC8B40F}.Debug|Any CPU.ActiveCfg = Debug|Any CPU
		{CB30909A-1172-9139-2A0C-86E58BC8B40F}.Debug|Any CPU.Build.0 = Debug|Any CPU
		{CB30909A-1172-9139-2A0C-86E58BC8B40F}.Release|Any CPU.ActiveCfg = Release|Any CPU
		{CB30909A-1172-9139-2A0C-86E58BC8B40F}.Release|Any CPU.Build.0 = Release|Any CPU
	EndGlobalSection
	GlobalSection(SolutionProperties) = preSolution
		HideSolutionNode = FALSE
	EndGlobalSection
	GlobalSection(ExtensibilityGlobals) = postSolution
		SolutionGuid = {CBC9EC78-2B7D-40D3-91C9-BED0A0E66042}
	EndGlobalSection
EndGlobal
